// !$*UTF8*$!
{
	archiveVersion = 1;
	classes = {
	};
	objectVersion = 46;
	objects = {

/* Begin PBXBuildFile section */
		74E3C5931A4FCDC000DE49E8 /* main.m in Sources */ = {isa = PBXBuildFile; fileRef = 74E3C5921A4FCDC000DE49E8 /* main.m */; };
		74E3C5961A4FCDC000DE49E8 /* AppDelegate.m in Sources */ = {isa = PBXBuildFile; fileRef = 74E3C5951A4FCDC000DE49E8 /* AppDelegate.m */; };
		74E3C5991A4FCDC000DE49E8 /* SPImageSearchViewController.m in Sources */ = {isa = PBXBuildFile; fileRef = 74E3C5981A4FCDC000DE49E8 /* SPImageSearchViewController.m */; };
		74E3C59C1A4FCDC000DE49E8 /* Main.storyboard in Resources */ = {isa = PBXBuildFile; fileRef = 74E3C59A1A4FCDC000DE49E8 /* Main.storyboard */; };
		74E3C59E1A4FCDC000DE49E8 /* Images.xcassets in Resources */ = {isa = PBXBuildFile; fileRef = 74E3C59D1A4FCDC000DE49E8 /* Images.xcassets */; };
		74E3C5A11A4FCDC000DE49E8 /* LaunchScreen.xib in Resources */ = {isa = PBXBuildFile; fileRef = 74E3C59F1A4FCDC000DE49E8 /* LaunchScreen.xib */; };
		74E3C5AD1A4FCDC000DE49E8 /* PhotoLibraryTests.m in Sources */ = {isa = PBXBuildFile; fileRef = 74E3C5AC1A4FCDC000DE49E8 /* PhotoLibraryTests.m */; };
		74E3C5B81A4FDBA300DE49E8 /* ImageSearchAPIClient.m in Sources */ = {isa = PBXBuildFile; fileRef = 74E3C5B71A4FDBA300DE49E8 /* ImageSearchAPIClient.m */; };
		74E3C5BB1A4FDBE800DE49E8 /* Image.m in Sources */ = {isa = PBXBuildFile; fileRef = 74E3C5BA1A4FDBE800DE49E8 /* Image.m */; };
		74E3C5BE1A5024BC00DE49E8 /* SPImageDetailViewController.m in Sources */ = {isa = PBXBuildFile; fileRef = 74E3C5BD1A5024BC00DE49E8 /* SPImageDetailViewController.m */; };
/* End PBXBuildFile section */

/* Begin PBXContainerItemProxy section */
		74E3C5A71A4FCDC000DE49E8 /* PBXContainerItemProxy */ = {
			isa = PBXContainerItemProxy;
			containerPortal = 74E3C5851A4FCDC000DE49E8 /* Project object */;
			proxyType = 1;
			remoteGlobalIDString = 74E3C58C1A4FCDC000DE49E8;
			remoteInfo = PhotoLibrary;
		};
/* End PBXContainerItemProxy section */

/* Begin PBXFileReference section */
		74E3C58D1A4FCDC000DE49E8 /* PhotoLibrary.app */ = {isa = PBXFileReference; explicitFileType = wrapper.application; includeInIndex = 0; path = PhotoLibrary.app; sourceTree = BUILT_PRODUCTS_DIR; };
		74E3C5911A4FCDC000DE49E8 /* Info.plist */ = {isa = PBXFileReference; lastKnownFileType = text.plist.xml; path = Info.plist; sourceTree = "<group>"; };
		74E3C5921A4FCDC000DE49E8 /* main.m */ = {isa = PBXFileReference; lastKnownFileType = sourcecode.c.objc; path = main.m; sourceTree = "<group>"; };
		74E3C5941A4FCDC000DE49E8 /* AppDelegate.h */ = {isa = PBXFileReference; lastKnownFileType = sourcecode.c.h; path = AppDelegate.h; sourceTree = "<group>"; };
		74E3C5951A4FCDC000DE49E8 /* AppDelegate.m */ = {isa = PBXFileReference; lastKnownFileType = sourcecode.c.objc; path = AppDelegate.m; sourceTree = "<group>"; };
		74E3C5971A4FCDC000DE49E8 /* SPImageSearchViewController.h */ = {isa = PBXFileReference; lastKnownFileType = sourcecode.c.h; path = SPImageSearchViewController.h; sourceTree = "<group>"; };
		74E3C5981A4FCDC000DE49E8 /* SPImageSearchViewController.m */ = {isa = PBXFileReference; lastKnownFileType = sourcecode.c.objc; path = SPImageSearchViewController.m; sourceTree = "<group>"; };
		74E3C59B1A4FCDC000DE49E8 /* Base */ = {isa = PBXFileReference; lastKnownFileType = file.storyboard; name = Base; path = Base.lproj/Main.storyboard; sourceTree = "<group>"; };
		74E3C59D1A4FCDC000DE49E8 /* Images.xcassets */ = {isa = PBXFileReference; lastKnownFileType = folder.assetcatalog; path = Images.xcassets; sourceTree = "<group>"; };
		74E3C5A01A4FCDC000DE49E8 /* Base */ = {isa = PBXFileReference; lastKnownFileType = file.xib; name = Base; path = Base.lproj/LaunchScreen.xib; sourceTree = "<group>"; };
		74E3C5A61A4FCDC000DE49E8 /* PhotoLibraryTests.xctest */ = {isa = PBXFileReference; explicitFileType = wrapper.cfbundle; includeInIndex = 0; path = PhotoLibraryTests.xctest; sourceTree = BUILT_PRODUCTS_DIR; };
		74E3C5AB1A4FCDC000DE49E8 /* Info.plist */ = {isa = PBXFileReference; lastKnownFileType = text.plist.xml; path = Info.plist; sourceTree = "<group>"; };
		74E3C5AC1A4FCDC000DE49E8 /* PhotoLibraryTests.m */ = {isa = PBXFileReference; lastKnownFileType = sourcecode.c.objc; path = PhotoLibraryTests.m; sourceTree = "<group>"; };
		74E3C5B61A4FDBA300DE49E8 /* ImageSearchAPIClient.h */ = {isa = PBXFileReference; fileEncoding = 4; lastKnownFileType = sourcecode.c.h; path = ImageSearchAPIClient.h; sourceTree = "<group>"; };
		74E3C5B71A4FDBA300DE49E8 /* ImageSearchAPIClient.m */ = {isa = PBXFileReference; fileEncoding = 4; lastKnownFileType = sourcecode.c.objc; path = ImageSearchAPIClient.m; sourceTree = "<group>"; };
		74E3C5B91A4FDBE800DE49E8 /* Image.h */ = {isa = PBXFileReference; fileEncoding = 4; lastKnownFileType = sourcecode.c.h; path = Image.h; sourceTree = "<group>"; };
		74E3C5BA1A4FDBE800DE49E8 /* Image.m */ = {isa = PBXFileReference; fileEncoding = 4; lastKnownFileType = sourcecode.c.objc; path = Image.m; sourceTree = "<group>"; };
		74E3C5BC1A5024BC00DE49E8 /* SPImageDetailViewController.h */ = {isa = PBXFileReference; fileEncoding = 4; lastKnownFileType = sourcecode.c.h; path = SPImageDetailViewController.h; sourceTree = "<group>"; };
		74E3C5BD1A5024BC00DE49E8 /* SPImageDetailViewController.m */ = {isa = PBXFileReference; fileEncoding = 4; lastKnownFileType = sourcecode.c.objc; path = SPImageDetailViewController.m; sourceTree = "<group>"; };
/* End PBXFileReference section */

/* Begin PBXFrameworksBuildPhase section */
		74E3C58A1A4FCDC000DE49E8 /* Frameworks */ = {
			isa = PBXFrameworksBuildPhase;
			buildActionMask = 2147483647;
			files = (
			);
			runOnlyForDeploymentPostprocessing = 0;
		};
		74E3C5A31A4FCDC000DE49E8 /* Frameworks */ = {
			isa = PBXFrameworksBuildPhase;
			buildActionMask = 2147483647;
			files = (
			);
			runOnlyForDeploymentPostprocessing = 0;
		};
/* End PBXFrameworksBuildPhase section */

/* Begin PBXGroup section */
		74E3C5841A4FCDC000DE49E8 = {
			isa = PBXGroup;
			children = (
				74E3C58F1A4FCDC000DE49E8 /* PhotoLibrary */,
				74E3C5A91A4FCDC000DE49E8 /* PhotoLibraryTests */,
				74E3C58E1A4FCDC000DE49E8 /* Products */,
			);
			sourceTree = "<group>";
		};
		74E3C58E1A4FCDC000DE49E8 /* Products */ = {
			isa = PBXGroup;
			children = (
				74E3C58D1A4FCDC000DE49E8 /* PhotoLibrary.app */,
				74E3C5A61A4FCDC000DE49E8 /* PhotoLibraryTests.xctest */,
			);
			name = Products;
			sourceTree = "<group>";
		};
		74E3C58F1A4FCDC000DE49E8 /* PhotoLibrary */ = {
			isa = PBXGroup;
			children = (
				74E3C5941A4FCDC000DE49E8 /* AppDelegate.h */,
				74E3C5951A4FCDC000DE49E8 /* AppDelegate.m */,
				74E3C59A1A4FCDC000DE49E8 /* Main.storyboard */,
				74E3C5C31A503E2000DE49E8 /* Model */,
				74E3C5C21A503E1600DE49E8 /* Controller */,
				74E3C59D1A4FCDC000DE49E8 /* Images.xcassets */,
				74E3C59F1A4FCDC000DE49E8 /* LaunchScreen.xib */,
				74E3C5901A4FCDC000DE49E8 /* Supporting Files */,
			);
			path = PhotoLibrary;
			sourceTree = "<group>";
		};
		74E3C5901A4FCDC000DE49E8 /* Supporting Files */ = {
			isa = PBXGroup;
			children = (
				74E3C5911A4FCDC000DE49E8 /* Info.plist */,
				74E3C5921A4FCDC000DE49E8 /* main.m */,
			);
			name = "Supporting Files";
			sourceTree = "<group>";
		};
		74E3C5A91A4FCDC000DE49E8 /* PhotoLibraryTests */ = {
			isa = PBXGroup;
			children = (
				74E3C5AC1A4FCDC000DE49E8 /* PhotoLibraryTests.m */,
				74E3C5AA1A4FCDC000DE49E8 /* Supporting Files */,
			);
			path = PhotoLibraryTests;
			sourceTree = "<group>";
		};
		74E3C5AA1A4FCDC000DE49E8 /* Supporting Files */ = {
			isa = PBXGroup;
			children = (
				74E3C5AB1A4FCDC000DE49E8 /* Info.plist */,
			);
			name = "Supporting Files";
			sourceTree = "<group>";
		};
		74E3C5C21A503E1600DE49E8 /* Controller */ = {
			isa = PBXGroup;
			children = (
				74E3C5971A4FCDC000DE49E8 /* SPImageSearchViewController.h */,
				74E3C5981A4FCDC000DE49E8 /* SPImageSearchViewController.m */,
				74E3C5BC1A5024BC00DE49E8 /* SPImageDetailViewController.h */,
				74E3C5BD1A5024BC00DE49E8 /* SPImageDetailViewController.m */,
			);
			name = Controller;
			sourceTree = "<group>";
		};
		74E3C5C31A503E2000DE49E8 /* Model */ = {
			isa = PBXGroup;
			children = (
				74E3C5B61A4FDBA300DE49E8 /* ImageSearchAPIClient.h */,
				74E3C5B71A4FDBA300DE49E8 /* ImageSearchAPIClient.m */,
				74E3C5B91A4FDBE800DE49E8 /* Image.h */,
				74E3C5BA1A4FDBE800DE49E8 /* Image.m */,
			);
			name = Model;
			sourceTree = "<group>";
		};
/* End PBXGroup section */

/* Begin PBXNativeTarget section */
		74E3C58C1A4FCDC000DE49E8 /* PhotoLibrary */ = {
			isa = PBXNativeTarget;
			buildConfigurationList = 74E3C5B01A4FCDC000DE49E8 /* Build configuration list for PBXNativeTarget "PhotoLibrary" */;
			buildPhases = (
				74E3C5891A4FCDC000DE49E8 /* Sources */,
				74E3C58A1A4FCDC000DE49E8 /* Frameworks */,
				74E3C58B1A4FCDC000DE49E8 /* Resources */,
			);
			buildRules = (
			);
			dependencies = (
			);
			name = PhotoLibrary;
			productName = PhotoLibrary;
			productReference = 74E3C58D1A4FCDC000DE49E8 /* PhotoLibrary.app */;
			productType = "com.apple.product-type.application";
		};
		74E3C5A51A4FCDC000DE49E8 /* PhotoLibraryTests */ = {
			isa = PBXNativeTarget;
			buildConfigurationList = 74E3C5B31A4FCDC000DE49E8 /* Build configuration list for PBXNativeTarget "PhotoLibraryTests" */;
			buildPhases = (
				74E3C5A21A4FCDC000DE49E8 /* Sources */,
				74E3C5A31A4FCDC000DE49E8 /* Frameworks */,
				74E3C5A41A4FCDC000DE49E8 /* Resources */,
			);
			buildRules = (
			);
			dependencies = (
				74E3C5A81A4FCDC000DE49E8 /* PBXTargetDependency */,
			);
			name = PhotoLibraryTests;
			productName = PhotoLibraryTests;
			productReference = 74E3C5A61A4FCDC000DE49E8 /* PhotoLibraryTests.xctest */;
			productType = "com.apple.product-type.bundle.unit-test";
		};
/* End PBXNativeTarget section */

/* Begin PBXProject section */
		74E3C5851A4FCDC000DE49E8 /* Project object */ = {
			isa = PBXProject;
			attributes = {
				LastUpgradeCheck = 0610;
				ORGANIZATIONNAME = com.suhit;
				TargetAttributes = {
					74E3C58C1A4FCDC000DE49E8 = {
						CreatedOnToolsVersion = 6.1.1;
					};
					74E3C5A51A4FCDC000DE49E8 = {
						CreatedOnToolsVersion = 6.1.1;
						TestTargetID = 74E3C58C1A4FCDC000DE49E8;
					};
				};
			};
			buildConfigurationList = 74E3C5881A4FCDC000DE49E8 /* Build configuration list for PBXProject "PhotoLibrary" */;
			compatibilityVersion = "Xcode 3.2";
			developmentRegion = English;
			hasScannedForEncodings = 0;
			knownRegions = (
				en,
				Base,
			);
			mainGroup = 74E3C5841A4FCDC000DE49E8;
			productRefGroup = 74E3C58E1A4FCDC000DE49E8 /* Products */;
			projectDirPath = "";
			projectRoot = "";
			targets = (
				74E3C58C1A4FCDC000DE49E8 /* PhotoLibrary */,
				74E3C5A51A4FCDC000DE49E8 /* PhotoLibraryTests */,
			);
		};
/* End PBXProject section */

/* Begin PBXResourcesBuildPhase section */
		74E3C58B1A4FCDC000DE49E8 /* Resources */ = {
			isa = PBXResourcesBuildPhase;
			buildActionMask = 2147483647;
			files = (
				74E3C59C1A4FCDC000DE49E8 /* Main.storyboard in Resources */,
				74E3C5A11A4FCDC000DE49E8 /* LaunchScreen.xib in Resources */,
				74E3C59E1A4FCDC000DE49E8 /* Images.xcassets in Resources */,
			);
			runOnlyForDeploymentPostprocessing = 0;
		};
		74E3C5A41A4FCDC000DE49E8 /* Resources */ = {
			isa = PBXResourcesBuildPhase;
			buildActionMask = 2147483647;
			files = (
			);
			runOnlyForDeploymentPostprocessing = 0;
		};
/* End PBXResourcesBuildPhase section */

/* Begin PBXSourcesBuildPhase section */
		74E3C5891A4FCDC000DE49E8 /* Sources */ = {
			isa = PBXSourcesBuildPhase;
			buildActionMask = 2147483647;
			files = (
				74E3C5991A4FCDC000DE49E8 /* SPImageSearchViewController.m in Sources */,
				74E3C5961A4FCDC000DE49E8 /* AppDelegate.m in Sources */,
				74E3C5B81A4FDBA300DE49E8 /* ImageSearchAPIClient.m in Sources */,
				74E3C5931A4FCDC000DE49E8 /* main.m in Sources */,
				74E3C5BE1A5024BC00DE49E8 /* SPImageDetailViewController.m in Sources */,
				74E3C5BB1A4FDBE800DE49E8 /* Image.m in Sources */,
			);
			runOnlyForDeploymentPostprocessing = 0;
		};
		74E3C5A21A4FCDC000DE49E8 /* Sources */ = {
			isa = PBXSourcesBuildPhase;
			buildActionMask = 2147483647;
			files = (
				74E3C5AD1A4FCDC000DE49E8 /* PhotoLibraryTests.m in Sources */,
			);
			runOnlyForDeploymentPostprocessing = 0;
		};
/* End PBXSourcesBuildPhase section */

/* Begin PBXTargetDependency section */
		74E3C5A81A4FCDC000DE49E8 /* PBXTargetDependency */ = {
			isa = PBXTargetDependency;
			target = 74E3C58C1A4FCDC000DE49E8 /* PhotoLibrary */;
			targetProxy = 74E3C5A71A4FCDC000DE49E8 /* PBXContainerItemProxy */;
		};
/* End PBXTargetDependency section */

/* Begin PBXVariantGroup section */
		74E3C59A1A4FCDC000DE49E8 /* Main.storyboard */ = {
			isa = PBXVariantGroup;
			children = (
				74E3C59B1A4FCDC000DE49E8 /* Base */,
			);
			name = Main.storyboard;
			sourceTree = "<group>";
		};
		74E3C59F1A4FCDC000DE49E8 /* LaunchScreen.xib */ = {
			isa = PBXVariantGroup;
			children = (
				74E3C5A01A4FCDC000DE49E8 /* Base */,
			);
			name = LaunchScreen.xib;
			sourceTree = "<group>";
		};
/* End PBXVariantGroup section */

/* Begin XCBuildConfiguration section */
		74E3C5AE1A4FCDC000DE49E8 /* Debug */ = {
			isa = XCBuildConfiguration;
			buildSettings = {
				ALWAYS_SEARCH_USER_PATHS = NO;
				CLANG_CXX_LANGUAGE_STANDARD = "gnu++0x";
				CLANG_CXX_LIBRARY = "libc++";
				CLANG_ENABLE_MODULES = YES;
				CLANG_ENABLE_OBJC_ARC = YES;
				CLANG_WARN_BOOL_CONVERSION = YES;
				CLANG_WARN_CONSTANT_CONVERSION = YES;
				CLANG_WARN_DIRECT_OBJC_ISA_USAGE = YES_ERROR;
				CLANG_WARN_EMPTY_BODY = YES;
				CLANG_WARN_ENUM_CONVERSION = YES;
				CLANG_WARN_INT_CONVERSION = YES;
				CLANG_WARN_OBJC_ROOT_CLASS = YES_ERROR;
				CLANG_WARN_UNREACHABLE_CODE = YES;
				CLANG_WARN__DUPLICATE_METHOD_MATCH = YES;
				"CODE_SIGN_IDENTITY[sdk=iphoneos*]" = "iPhone Developer";
				COPY_PHASE_STRIP = NO;
				ENABLE_STRICT_OBJC_MSGSEND = YES;
				GCC_C_LANGUAGE_STANDARD = gnu99;
				GCC_DYNAMIC_NO_PIC = NO;
				GCC_OPTIMIZATION_LEVEL = 0;
				GCC_PREPROCESSOR_DEFINITIONS = (
					"DEBUG=1",
					"$(inherited)",
				);
				GCC_SYMBOLS_PRIVATE_EXTERN = NO;
				GCC_WARN_64_TO_32_BIT_CONVERSION = YES;
				GCC_WARN_ABOUT_RETURN_TYPE = YES_ERROR;
				GCC_WARN_UNDECLARED_SELECTOR = YES;
				GCC_WARN_UNINITIALIZED_AUTOS = YES_AGGRESSIVE;
				GCC_WARN_UNUSED_FUNCTION = YES;
				GCC_WARN_UNUSED_VARIABLE = YES;
				IPHONEOS_DEPLOYMENT_TARGET = 8.1;
				MTL_ENABLE_DEBUG_INFO = YES;
				ONLY_ACTIVE_ARCH = YES;
				SDKROOT = iphoneos;
				TARGETED_DEVICE_FAMILY = "1,2";
			};
			name = Debug;
		};
		74E3C5AF1A4FCDC000DE49E8 /* Release */ = {
			isa = XCBuildConfiguration;
			buildSettings = {
				ALWAYS_SEARCH_USER_PATHS = NO;
				CLANG_CXX_LANGUAGE_STANDARD = "gnu++0x";
				CLANG_CXX_LIBRARY = "libc++";
				CLANG_ENABLE_MODULES = YES;
				CLANG_ENABLE_OBJC_ARC = YES;
				CLANG_WARN_BOOL_CONVERSION = YES;
				CLANG_WARN_CONSTANT_CONVERSION = YES;
				CLANG_WARN_DIRECT_OBJC_ISA_USAGE = YES_ERROR;
				CLANG_WARN_EMPTY_BODY = YES;
				CLANG_WARN_ENUM_CONVERSION = YES;
				CLANG_WARN_INT_CONVERSION = YES;
				CLANG_WARN_OBJC_ROOT_CLASS = YES_ERROR;
				CLANG_WARN_UNREACHABLE_CODE = YES;
				CLANG_WARN__DUPLICATE_METHOD_MATCH = YES;
				"CODE_SIGN_IDENTITY[sdk=iphoneos*]" = "iPhone Developer";
				COPY_PHASE_STRIP = YES;
				ENABLE_NS_ASSERTIONS = NO;
				ENABLE_STRICT_OBJC_MSGSEND = YES;
				GCC_C_LANGUAGE_STANDARD = gnu99;
				GCC_WARN_64_TO_32_BIT_CONVERSION = YES;
				GCC_WARN_ABOUT_RETURN_TYPE = YES_ERROR;
				GCC_WARN_UNDECLARED_SELECTOR = YES;
				GCC_WARN_UNINITIALIZED_AUTOS = YES_AGGRESSIVE;
				GCC_WARN_UNUSED_FUNCTION = YES;
				GCC_WARN_UNUSED_VARIABLE = YES;
				IPHONEOS_DEPLOYMENT_TARGET = 8.1;
				MTL_ENABLE_DEBUG_INFO = NO;
				SDKROOT = iphoneos;
				TARGETED_DEVICE_FAMILY = "1,2";
				VALIDATE_PRODUCT = YES;
			};
			name = Release;
		};
		74E3C5B11A4FCDC000DE49E8 /* Debug */ = {
			isa = XCBuildConfiguration;
			buildSettings = {
				ASSETCATALOG_COMPILER_APPICON_NAME = AppIcon;
				INFOPLIST_FILE = PhotoLibrary/Info.plist;
				LD_RUNPATH_SEARCH_PATHS = "$(inherited) @executable_path/Frameworks";
				PRODUCT_NAME = "$(TARGET_NAME)";
			};
			name = Debug;
		};
		74E3C5B21A4FCDC000DE49E8 /* Release */ = {
			isa = XCBuildConfiguration;
			buildSettings = {
				ASSETCATALOG_COMPILER_APPICON_NAME = AppIcon;
				INFOPLIST_FILE = PhotoLibrary/Info.plist;
				LD_RUNPATH_SEARCH_PATHS = "$(inherited) @executable_path/Frameworks";
				PRODUCT_NAME = "$(TARGET_NAME)";
			};
			name = Release;
		};
		74E3C5B41A4FCDC000DE49E8 /* Debug */ = {
			isa = XCBuildConfiguration;
			buildSettings = {
				BUNDLE_LOADER = "$(TEST_HOST)";
				FRAMEWORK_SEARCH_PATHS = (
					"$(SDKROOT)/Developer/Library/Frameworks",
					"$(inherited)",
				);
				GCC_PREPROCESSOR_DEFINITIONS = (
					"DEBUG=1",
					"$(inherited)",
				);
				INFOPLIST_FILE = PhotoLibraryTests/Info.plist;
				LD_RUNPATH_SEARCH_PATHS = "$(inherited) @executable_path/Frameworks @loader_path/Frameworks";
				PRODUCT_NAME = "$(TARGET_NAME)";
				TEST_HOST = "$(BUILT_PRODUCTS_DIR)/PhotoLibrary.app/PhotoLibrary";
			};
			name = Debug;
		};
		74E3C5B51A4FCDC000DE49E8 /* Release */ = {
			isa = XCBuildConfiguration;
			buildSettings = {
				BUNDLE_LOADER = "$(TEST_HOST)";
				FRAMEWORK_SEARCH_PATHS = (
					"$(SDKROOT)/Developer/Library/Frameworks",
					"$(inherited)",
				);
				INFOPLIST_FILE = PhotoLibraryTests/Info.plist;
				LD_RUNPATH_SEARCH_PATHS = "$(inherited) @executable_path/Frameworks @loader_path/Frameworks";
				PRODUCT_NAME = "$(TARGET_NAME)";
				TEST_HOST = "$(BUILT_PRODUCTS_DIR)/PhotoLibrary.app/PhotoLibrary";
			};
			name = Release;
		};
/* End XCBuildConfiguration section */

/* Begin XCConfigurationList section */
		74E3C5881A4FCDC000DE49E8 /* Build configuration list for PBXProject "PhotoLibrary" */ = {
			isa = XCConfigurationList;
			buildConfigurations = (
				74E3C5AE1A4FCDC000DE49E8 /* Debug */,
				74E3C5AF1A4FCDC000DE49E8 /* Release */,
			);
			defaultConfigurationIsVisible = 0;
			defaultConfigurationName = Release;
		};
		74E3C5B01A4FCDC000DE49E8 /* Build configuration list for PBXNativeTarget "PhotoLibrary" */ = {
			isa = XCConfigurationList;
			buildConfigurations = (
				74E3C5B11A4FCDC000DE49E8 /* Debug */,
				74E3C5B21A4FCDC000DE49E8 /* Release */,
			);
			defaultConfigurationIsVisible = 0;
		};
		74E3C5B31A4FCDC000DE49E8 /* Build configuration list for PBXNativeTarget "PhotoLibraryTests" */ = {
			isa = XCConfigurationList;
			buildConfigurations = (
				74E3C5B41A4FCDC000DE49E8 /* Debug */,
				74E3C5B51A4FCDC000DE49E8 /* Release */,
			);
			defaultConfigurationIsVisible = 0;
		};
/* End XCConfigurationList section */
	};
	rootObject = 74E3C5851A4FCDC000DE49E8 /* Project object */;
}
